// !$*UTF8*$!
{
	archiveVersion = 1;
	classes = {
	};
	objectVersion = 55;
	objects = {

/* Begin PBXBuildFile section */
		E8998AE827E88E6800982501 /* SearchVC.swift in Sources */ = {isa = PBXBuildFile; fileRef = E8998AE727E88E6800982501 /* SearchVC.swift */; };
		E8998AEA27E88EB100982501 /* FavoritesListVC.swift in Sources */ = {isa = PBXBuildFile; fileRef = E8998AE927E88EB100982501 /* FavoritesListVC.swift */; };
		E8998AEC27E8B89200982501 /* GFButton.swift in Sources */ = {isa = PBXBuildFile; fileRef = E8998AEB27E8B89200982501 /* GFButton.swift */; };
		E8998AEF27E8D6EC00982501 /* GFTextField.swift in Sources */ = {isa = PBXBuildFile; fileRef = E8998AEE27E8D6EC00982501 /* GFTextField.swift */; };
		E8998AF127E8DB0600982501 /* Constants.swift in Sources */ = {isa = PBXBuildFile; fileRef = E8998AF027E8DB0600982501 /* Constants.swift */; };
		E8B867CD27EC9B0900F97318 /* FollowerListVC.swift in Sources */ = {isa = PBXBuildFile; fileRef = E8B867CC27EC9B0900F97318 /* FollowerListVC.swift */; };
		E8F2D3EB27D902210068460E /* AppDelegate.swift in Sources */ = {isa = PBXBuildFile; fileRef = E8F2D3EA27D902210068460E /* AppDelegate.swift */; };
		E8F2D3ED27D902210068460E /* SceneDelegate.swift in Sources */ = {isa = PBXBuildFile; fileRef = E8F2D3EC27D902210068460E /* SceneDelegate.swift */; };
		E8F2D3F427D902220068460E /* Assets.xcassets in Resources */ = {isa = PBXBuildFile; fileRef = E8F2D3F327D902220068460E /* Assets.xcassets */; };
		E8F2D3F727D902220068460E /* LaunchScreen.storyboard in Resources */ = {isa = PBXBuildFile; fileRef = E8F2D3F527D902220068460E /* LaunchScreen.storyboard */; };
/* End PBXBuildFile section */

/* Begin PBXFileReference section */
		E8998AE727E88E6800982501 /* SearchVC.swift */ = {isa = PBXFileReference; lastKnownFileType = sourcecode.swift; path = SearchVC.swift; sourceTree = "<group>"; };
		E8998AE927E88EB100982501 /* FavoritesListVC.swift */ = {isa = PBXFileReference; lastKnownFileType = sourcecode.swift; path = FavoritesListVC.swift; sourceTree = "<group>"; };
		E8998AEB27E8B89200982501 /* GFButton.swift */ = {isa = PBXFileReference; lastKnownFileType = sourcecode.swift; path = GFButton.swift; sourceTree = "<group>"; };
		E8998AEE27E8D6EC00982501 /* GFTextField.swift */ = {isa = PBXFileReference; lastKnownFileType = sourcecode.swift; path = GFTextField.swift; sourceTree = "<group>"; };
		E8998AF027E8DB0600982501 /* Constants.swift */ = {isa = PBXFileReference; lastKnownFileType = sourcecode.swift; path = Constants.swift; sourceTree = "<group>"; };
		E8B867CC27EC9B0900F97318 /* FollowerListVC.swift */ = {isa = PBXFileReference; lastKnownFileType = sourcecode.swift; path = FollowerListVC.swift; sourceTree = "<group>"; };
		E8F2D3E727D902200068460E /* GitFollow.app */ = {isa = PBXFileReference; explicitFileType = wrapper.application; includeInIndex = 0; path = GitFollow.app; sourceTree = BUILT_PRODUCTS_DIR; };
		E8F2D3EA27D902210068460E /* AppDelegate.swift */ = {isa = PBXFileReference; lastKnownFileType = sourcecode.swift; path = AppDelegate.swift; sourceTree = "<group>"; };
		E8F2D3EC27D902210068460E /* SceneDelegate.swift */ = {isa = PBXFileReference; lastKnownFileType = sourcecode.swift; path = SceneDelegate.swift; sourceTree = "<group>"; };
		E8F2D3F327D902220068460E /* Assets.xcassets */ = {isa = PBXFileReference; lastKnownFileType = folder.assetcatalog; path = Assets.xcassets; sourceTree = "<group>"; };
		E8F2D3F627D902220068460E /* Base */ = {isa = PBXFileReference; lastKnownFileType = file.storyboard; name = Base; path = Base.lproj/LaunchScreen.storyboard; sourceTree = "<group>"; };
		E8F2D3F827D902220068460E /* Info.plist */ = {isa = PBXFileReference; lastKnownFileType = text.plist.xml; path = Info.plist; sourceTree = "<group>"; };
/* End PBXFileReference section */

/* Begin PBXFrameworksBuildPhase section */
		E8F2D3E427D902200068460E /* Frameworks */ = {
			isa = PBXFrameworksBuildPhase;
			buildActionMask = 2147483647;
			files = (
			);
			runOnlyForDeploymentPostprocessing = 0;
		};
/* End PBXFrameworksBuildPhase section */

/* Begin PBXGroup section */
		E8998AED27E8C8DB00982501 /* UI Elements */ = {
			isa = PBXGroup;
			children = (
				E8998AEB27E8B89200982501 /* GFButton.swift */,
				E8998AEE27E8D6EC00982501 /* GFTextField.swift */,
			);
			path = "UI Elements";
			sourceTree = "<group>";
		};
		E8F2D3DE27D902200068460E = {
			isa = PBXGroup;
			children = (
				E8F2D3E927D902210068460E /* GitFollow */,
				E8F2D3E827D902200068460E /* Products */,
			);
			sourceTree = "<group>";
		};
		E8F2D3E827D902200068460E /* Products */ = {
			isa = PBXGroup;
			children = (
				E8F2D3E727D902200068460E /* GitFollow.app */,
			);
			name = Products;
			sourceTree = "<group>";
		};
		E8F2D3E927D902210068460E /* GitFollow */ = {
			isa = PBXGroup;
			children = (
				E8998AED27E8C8DB00982501 /* UI Elements */,
				E8F2D40127D905F80068460E /* App */,
				E8F2D3FE27D905DD0068460E /* Models */,
				E8F2D3FF27D905E70068460E /* Views */,
				E8F2D40027D905EC0068460E /* Controllers */,
				E8F2D3F327D902220068460E /* Assets.xcassets */,
				E8F2D3F827D902220068460E /* Info.plist */,
			);
			path = GitFollow;
			sourceTree = "<group>";
		};
		E8F2D3FE27D905DD0068460E /* Models */ = {
			isa = PBXGroup;
			children = (
			);
			path = Models;
			sourceTree = "<group>";
		};
		E8F2D3FF27D905E70068460E /* Views */ = {
			isa = PBXGroup;
			children = (
				E8F2D3F527D902220068460E /* LaunchScreen.storyboard */,
			);
			path = Views;
			sourceTree = "<group>";
		};
		E8F2D40027D905EC0068460E /* Controllers */ = {
			isa = PBXGroup;
			children = (
				E8998AE727E88E6800982501 /* SearchVC.swift */,
				E8998AE927E88EB100982501 /* FavoritesListVC.swift */,
				E8B867CC27EC9B0900F97318 /* FollowerListVC.swift */,
			);
			path = Controllers;
			sourceTree = "<group>";
		};
		E8F2D40127D905F80068460E /* App */ = {
			isa = PBXGroup;
			children = (
				E8F2D3EA27D902210068460E /* AppDelegate.swift */,
				E8F2D3EC27D902210068460E /* SceneDelegate.swift */,
				E8998AF027E8DB0600982501 /* Constants.swift */,
			);
			path = App;
			sourceTree = "<group>";
		};
/* End PBXGroup section */

/* Begin PBXNativeTarget section */
		E8F2D3E627D902200068460E /* GitFollow */ = {
			isa = PBXNativeTarget;
			buildConfigurationList = E8F2D3FB27D902220068460E /* Build configuration list for PBXNativeTarget "GitFollow" */;
			buildPhases = (
				E8F2D3E327D902200068460E /* Sources */,
				E8F2D3E427D902200068460E /* Frameworks */,
				E8F2D3E527D902200068460E /* Resources */,
			);
			buildRules = (
			);
			dependencies = (
			);
			name = GitFollow;
			productName = GitFollow;
			productReference = E8F2D3E727D902200068460E /* GitFollow.app */;
			productType = "com.apple.product-type.application";
		};
/* End PBXNativeTarget section */

/* Begin PBXProject section */
		E8F2D3DF27D902200068460E /* Project object */ = {
			isa = PBXProject;
			attributes = {
				BuildIndependentTargetsInParallel = 1;
				LastSwiftUpdateCheck = 1320;
				LastUpgradeCheck = 1320;
				TargetAttributes = {
					E8F2D3E627D902200068460E = {
						CreatedOnToolsVersion = 13.2.1;
					};
				};
			};
			buildConfigurationList = E8F2D3E227D902200068460E /* Build configuration list for PBXProject "GitFollow" */;
			compatibilityVersion = "Xcode 13.0";
			developmentRegion = en;
			hasScannedForEncodings = 0;
			knownRegions = (
				en,
				Base,
			);
			mainGroup = E8F2D3DE27D902200068460E;
			productRefGroup = E8F2D3E827D902200068460E /* Products */;
			projectDirPath = "";
			projectRoot = "";
			targets = (
				E8F2D3E627D902200068460E /* GitFollow */,
			);
		};
/* End PBXProject section */

/* Begin PBXResourcesBuildPhase section */
		E8F2D3E527D902200068460E /* Resources */ = {
			isa = PBXResourcesBuildPhase;
			buildActionMask = 2147483647;
			files = (
				E8F2D3F727D902220068460E /* LaunchScreen.storyboard in Resources */,
				E8F2D3F427D902220068460E /* Assets.xcassets in Resources */,
			);
			runOnlyForDeploymentPostprocessing = 0;
		};
/* End PBXResourcesBuildPhase section */

/* Begin PBXSourcesBuildPhase section */
		E8F2D3E327D902200068460E /* Sources */ = {
			isa = PBXSourcesBuildPhase;
			buildActionMask = 2147483647;
			files = (
				E8998AEF27E8D6EC00982501 /* GFTextField.swift in Sources */,
				E8998AEA27E88EB100982501 /* FavoritesListVC.swift in Sources */,
				E8998AEC27E8B89200982501 /* GFButton.swift in Sources */,
				E8998AE827E88E6800982501 /* SearchVC.swift in Sources */,
				E8998AF127E8DB0600982501 /* Constants.swift in Sources */,
				E8F2D3EB27D902210068460E /* AppDelegate.swift in Sources */,
				E8B867CD27EC9B0900F97318 /* FollowerListVC.swift in Sources */,
				E8F2D3ED27D902210068460E /* SceneDelegate.swift in Sources */,
			);
			runOnlyForDeploymentPostprocessing = 0;
		};
/* End PBXSourcesBuildPhase section */

/* Begin PBXVariantGroup section */
		E8F2D3F527D902220068460E /* LaunchScreen.storyboard */ = {
			isa = PBXVariantGroup;
			children = (
				E8F2D3F627D902220068460E /* Base */,
			);
			name = LaunchScreen.storyboard;
			sourceTree = "<group>";
		};
/* End PBXVariantGroup section */

/* Begin XCBuildConfiguration section */
		E8F2D3F927D902220068460E /* Debug */ = {
			isa = XCBuildConfiguration;
			buildSettings = {
				ALWAYS_SEARCH_USER_PATHS = NO;
				CLANG_ANALYZER_NONNULL = YES;
				CLANG_ANALYZER_NUMBER_OBJECT_CONVERSION = YES_AGGRESSIVE;
				CLANG_CXX_LANGUAGE_STANDARD = "gnu++17";
				CLANG_CXX_LIBRARY = "libc++";
				CLANG_ENABLE_MODULES = YES;
				CLANG_ENABLE_OBJC_ARC = YES;
				CLANG_ENABLE_OBJC_WEAK = YES;
				CLANG_WARN_BLOCK_CAPTURE_AUTORELEASING = YES;
				CLANG_WARN_BOOL_CONVERSION = YES;
				CLANG_WARN_COMMA = YES;
				CLANG_WARN_CONSTANT_CONVERSION = YES;
				CLANG_WARN_DEPRECATED_OBJC_IMPLEMENTATIONS = YES;
				CLANG_WARN_DIRECT_OBJC_ISA_USAGE = YES_ERROR;
				CLANG_WARN_DOCUMENTATION_COMMENTS = YES;
				CLANG_WARN_EMPTY_BODY = YES;
				CLANG_WARN_ENUM_CONVERSION = YES;
				CLANG_WARN_INFINITE_RECURSION = YES;
				CLANG_WARN_INT_CONVERSION = YES;
				CLANG_WARN_NON_LITERAL_NULL_CONVERSION = YES;
				CLANG_WARN_OBJC_IMPLICIT_RETAIN_SELF = YES;
				CLANG_WARN_OBJC_LITERAL_CONVERSION = YES;
				CLANG_WARN_OBJC_ROOT_CLASS = YES_ERROR;
				CLANG_WARN_QUOTED_INCLUDE_IN_FRAMEWORK_HEADER = YES;
				CLANG_WARN_RANGE_LOOP_ANALYSIS = YES;
				CLANG_WARN_STRICT_PROTOTYPES = YES;
				CLANG_WARN_SUSPICIOUS_MOVE = YES;
				CLANG_WARN_UNGUARDED_AVAILABILITY = YES_AGGRESSIVE;
				CLANG_WARN_UNREACHABLE_CODE = YES;
				CLANG_WARN__DUPLICATE_METHOD_MATCH = YES;
				COPY_PHASE_STRIP = NO;
				DEBUG_INFORMATION_FORMAT = dwarf;
				ENABLE_STRICT_OBJC_MSGSEND = YES;
				ENABLE_TESTABILITY = YES;
				GCC_C_LANGUAGE_STANDARD = gnu11;
				GCC_DYNAMIC_NO_PIC = NO;
				GCC_NO_COMMON_BLOCKS = YES;
				GCC_OPTIMIZATION_LEVEL = 0;
				GCC_PREPROCESSOR_DEFINITIONS = (
					"DEBUG=1",
					"$(inherited)",
				);
				GCC_WARN_64_TO_32_BIT_CONVERSION = YES;
				GCC_WARN_ABOUT_RETURN_TYPE = YES_ERROR;
				GCC_WARN_UNDECLARED_SELECTOR = YES;
				GCC_WARN_UNINITIALIZED_AUTOS = YES_AGGRESSIVE;
				GCC_WARN_UNUSED_FUNCTION = YES;
				GCC_WARN_UNUSED_VARIABLE = YES;
				IPHONEOS_DEPLOYMENT_TARGET = 15.2;
				MTL_ENABLE_DEBUG_INFO = INCLUDE_SOURCE;
				MTL_FAST_MATH = YES;
				ONLY_ACTIVE_ARCH = YES;
				SDKROOT = iphoneos;
				SWIFT_ACTIVE_COMPILATION_CONDITIONS = DEBUG;
				SWIFT_OPTIMIZATION_LEVEL = "-Onone";
			};
			name = Debug;
		};
		E8F2D3FA27D902220068460E /* Release */ = {
			isa = XCBuildConfiguration;
			buildSettings = {
				ALWAYS_SEARCH_USER_PATHS = NO;
				CLANG_ANALYZER_NONNULL = YES;
				CLANG_ANALYZER_NUMBER_OBJECT_CONVERSION = YES_AGGRESSIVE;
				CLANG_CXX_LANGUAGE_STANDARD = "gnu++17";
				CLANG_CXX_LIBRARY = "libc++";
				CLANG_ENABLE_MODULES = YES;
				CLANG_ENABLE_OBJC_ARC = YES;
				CLANG_ENABLE_OBJC_WEAK = YES;
				CLANG_WARN_BLOCK_CAPTURE_AUTORELEASING = YES;
				CLANG_WARN_BOOL_CONVERSION = YES;
				CLANG_WARN_COMMA = YES;
				CLANG_WARN_CONSTANT_CONVERSION = YES;
				CLANG_WARN_DEPRECATED_OBJC_IMPLEMENTATIONS = YES;
				CLANG_WARN_DIRECT_OBJC_ISA_USAGE = YES_ERROR;
				CLANG_WARN_DOCUMENTATION_COMMENTS = YES;
				CLANG_WARN_EMPTY_BODY = YES;
				CLANG_WARN_ENUM_CONVERSION = YES;
				CLANG_WARN_INFINITE_RECURSION = YES;
				CLANG_WARN_INT_CONVERSION = YES;
				CLANG_WARN_NON_LITERAL_NULL_CONVERSION = YES;
				CLANG_WARN_OBJC_IMPLICIT_RETAIN_SELF = YES;
				CLANG_WARN_OBJC_LITERAL_CONVERSION = YES;
				CLANG_WARN_OBJC_ROOT_CLASS = YES_ERROR;
				CLANG_WARN_QUOTED_INCLUDE_IN_FRAMEWORK_HEADER = YES;
				CLANG_WARN_RANGE_LOOP_ANALYSIS = YES;
				CLANG_WARN_STRICT_PROTOTYPES = YES;
				CLANG_WARN_SUSPICIOUS_MOVE = YES;
				CLANG_WARN_UNGUARDED_AVAILABILITY = YES_AGGRESSIVE;
				CLANG_WARN_UNREACHABLE_CODE = YES;
				CLANG_WARN__DUPLICATE_METHOD_MATCH = YES;
				COPY_PHASE_STRIP = NO;
				DEBUG_INFORMATION_FORMAT = "dwarf-with-dsym";
				ENABLE_NS_ASSERTIONS = NO;
				ENABLE_STRICT_OBJC_MSGSEND = YES;
				GCC_C_LANGUAGE_STANDARD = gnu11;
				GCC_NO_COMMON_BLOCKS = YES;
				GCC_WARN_64_TO_32_BIT_CONVERSION = YES;
				GCC_WARN_ABOUT_RETURN_TYPE = YES_ERROR;
				GCC_WARN_UNDECLARED_SELECTOR = YES;
				GCC_WARN_UNINITIALIZED_AUTOS = YES_AGGRESSIVE;
				GCC_WARN_UNUSED_FUNCTION = YES;
				GCC_WARN_UNUSED_VARIABLE = YES;
				IPHONEOS_DEPLOYMENT_TARGET = 15.2;
				MTL_ENABLE_DEBUG_INFO = NO;
				MTL_FAST_MATH = YES;
				SDKROOT = iphoneos;
				SWIFT_COMPILATION_MODE = wholemodule;
				SWIFT_OPTIMIZATION_LEVEL = "-O";
				VALIDATE_PRODUCT = YES;
			};
			name = Release;
		};
		E8F2D3FC27D902220068460E /* Debug */ = {
			isa = XCBuildConfiguration;
			buildSettings = {
				ASSETCATALOG_COMPILER_APPICON_NAME = AppIcon;
				ASSETCATALOG_COMPILER_GLOBAL_ACCENT_COLOR_NAME = AccentColor;
				CODE_SIGN_STYLE = Automatic;
				CURRENT_PROJECT_VERSION = 1;
				DEVELOPMENT_TEAM = WZ97249UNV;
				GENERATE_INFOPLIST_FILE = YES;
				INFOPLIST_FILE = GitFollow/Info.plist;
				INFOPLIST_KEY_UIApplicationSupportsIndirectInputEvents = YES;
				INFOPLIST_KEY_UILaunchStoryboardName = LaunchScreen;
				INFOPLIST_KEY_UISupportedInterfaceOrientations = UIInterfaceOrientationPortrait;
				INFOPLIST_KEY_UISupportedInterfaceOrientations_iPad = "UIInterfaceOrientationPortrait UIInterfaceOrientationPortraitUpsideDown UIInterfaceOrientationLandscapeLeft UIInterfaceOrientationLandscapeRight";
				INFOPLIST_KEY_UISupportedInterfaceOrientations_iPhone = "UIInterfaceOrientationPortrait UIInterfaceOrientationLandscapeLeft UIInterfaceOrientationLandscapeRight";
				IPHONEOS_DEPLOYMENT_TARGET = 14.0;
				LD_RUNPATH_SEARCH_PATHS = (
					"$(inherited)",
					"@executable_path/Frameworks",
				);
				MARKETING_VERSION = 1.0;
				PRODUCT_BUNDLE_IDENTIFIER = com.laynejohnson.GitFollow;
				PRODUCT_NAME = "$(TARGET_NAME)";
				SWIFT_EMIT_LOC_STRINGS = YES;
				SWIFT_VERSION = 5.0;
				TARGETED_DEVICE_FAMILY = "1,2";
			};
			name = Debug;
		};
		E8F2D3FD27D902220068460E /* Release */ = {
			isa = XCBuildConfiguration;
			buildSettings = {
				ASSETCATALOG_COMPILER_APPICON_NAME = AppIcon;
				ASSETCATALOG_COMPILER_GLOBAL_ACCENT_COLOR_NAME = AccentColor;
				CODE_SIGN_STYLE = Automatic;
				CURRENT_PROJECT_VERSION = 1;
				DEVELOPMENT_TEAM = WZ97249UNV;
				GENERATE_INFOPLIST_FILE = YES;
				INFOPLIST_FILE = GitFollow/Info.plist;
				INFOPLIST_KEY_UIApplicationSupportsIndirectInputEvents = YES;
				INFOPLIST_KEY_UILaunchStoryboardName = LaunchScreen;
				INFOPLIST_KEY_UISupportedInterfaceOrientations = UIInterfaceOrientationPortrait;
				INFOPLIST_KEY_UISupportedInterfaceOrientations_iPad = "UIInterfaceOrientationPortrait UIInterfaceOrientationPortraitUpsideDown UIInterfaceOrientationLandscapeLeft UIInterfaceOrientationLandscapeRight";
				INFOPLIST_KEY_UISupportedInterfaceOrientations_iPhone = "UIInterfaceOrientationPortrait UIInterfaceOrientationLandscapeLeft UIInterfaceOrientationLandscapeRight";
				IPHONEOS_DEPLOYMENT_TARGET = 14.0;
				LD_RUNPATH_SEARCH_PATHS = (
					"$(inherited)",
					"@executable_path/Frameworks",
				);
				MARKETING_VERSION = 1.0;
				PRODUCT_BUNDLE_IDENTIFIER = com.laynejohnson.GitFollow;
				PRODUCT_NAME = "$(TARGET_NAME)";
				SWIFT_EMIT_LOC_STRINGS = YES;
				SWIFT_VERSION = 5.0;
				TARGETED_DEVICE_FAMILY = "1,2";
			};
			name = Release;
		};
/* End XCBuildConfiguration section */

/* Begin XCConfigurationList section */
		E8F2D3E227D902200068460E /* Build configuration list for PBXProject "GitFollow" */ = {
			isa = XCConfigurationList;
			buildConfigurations = (
				E8F2D3F927D902220068460E /* Debug */,
				E8F2D3FA27D902220068460E /* Release */,
			);
			defaultConfigurationIsVisible = 0;
			defaultConfigurationName = Release;
		};
		E8F2D3FB27D902220068460E /* Build configuration list for PBXNativeTarget "GitFollow" */ = {
			isa = XCConfigurationList;
			buildConfigurations = (
				E8F2D3FC27D902220068460E /* Debug */,
				E8F2D3FD27D902220068460E /* Release */,
			);
			defaultConfigurationIsVisible = 0;
			defaultConfigurationName = Release;
		};
/* End XCConfigurationList section */
	};
	rootObject = E8F2D3DF27D902200068460E /* Project object */;
}
